
Microsoft Visual Studio Solution File, Format Version 12.00
# Visual Studio 15
VisualStudioVersion = 15.0.27130.2027
MinimumVisualStudioVersion = 10.0.40219.1
Project("{FAE04EC0-301F-11D3-BF4B-00C04F79EFBC}") = "WoolworthsProductSearch", "WoolworthsProductSearch\WoolworthsProductSearch.csproj", "{A452C40E-A5BA-4975-A86B-CE0723266588}"
EndProject
Global
	GlobalSection(SolutionConfigurationPlatforms) = preSolution
		Debug|Any CPU = Debug|Any CPU
		Release|Any CPU = Release|Any CPU
	EndGlobalSection
	GlobalSection(ProjectConfigurationPlatforms) = postSolution
		{A452C40E-A5BA-4975-A86B-CE0723266588}.Debug|Any CPU.ActiveCfg = Debug|Any CPU
		{A452C40E-A5BA-4975-A86B-CE0723266588}.Debug|Any CPU.Build.0 = Debug|Any CPU
		{A452C40E-A5BA-4975-A86B-CE0723266588}.Release|Any CPU.ActiveCfg = Release|Any CPU
		{A452C40E-A5BA-4975-A86B-CE0723266588}.Release|Any CPU.Build.0 = Release|Any CPU
	EndGlobalSection
	GlobalSection(SolutionProperties) = preSolution
		HideSolutionNode = FALSE
	EndGlobalSection
	GlobalSection(ExtensibilityGlobals) = postSolution
		SolutionGuid = {135F3AB3-FB81-4240-AC70-52388C6A2542}
	EndGlobalSection
EndGlobal
